
Microsoft Visual Studio Solution File, Format Version 12.00
# Visual Studio Version 17
VisualStudioVersion = 17.9.34701.34
MinimumVisualStudioVersion = 10.0.40219.1
Project("{FAE04EC0-301F-11D3-BF4B-00C04F79EFBC}") = "ecommerce_masstechasp1", "ecommerce_masstechasp1\ecommerce_masstechasp1.csproj", "{16395F81-3356-4D9B-B542-348C7CA4ECF7}"
EndProject
Global
	GlobalSection(SolutionConfigurationPlatforms) = preSolution
		Debug|Any CPU = Debug|Any CPU
		Release|Any CPU = Release|Any CPU
	EndGlobalSection
	GlobalSection(ProjectConfigurationPlatforms) = postSolution
		{16395F81-3356-4D9B-B542-348C7CA4ECF7}.Debug|Any CPU.ActiveCfg = Debug|Any CPU
		{16395F81-3356-4D9B-B542-348C7CA4ECF7}.Debug|Any CPU.Build.0 = Debug|Any CPU
		{16395F81-3356-4D9B-B542-348C7CA4ECF7}.Release|Any CPU.ActiveCfg = Release|Any CPU
		{16395F81-3356-4D9B-B542-348C7CA4ECF7}.Release|Any CPU.Build.0 = Release|Any CPU
	EndGlobalSection
	GlobalSection(SolutionProperties) = preSolution
		HideSolutionNode = FALSE
	EndGlobalSection
	GlobalSection(ExtensibilityGlobals) = postSolution
		SolutionGuid = {A39FC08A-E0E0-4D72-B8C7-18A6B9254850}
	EndGlobalSection
EndGlobal
